// !$*UTF8*$!
{
	archiveVersion = 1;
	classes = {
	};
	objectVersion = 46;
	objects = {

/* Begin PBXBuildFile section */
		006D720419952D00008149E2 /* AVFoundation.framework in Frameworks */ = {isa = PBXBuildFile; fileRef = 006D720219952D00008149E2 /* AVFoundation.framework */; };
		006D720519952D00008149E2 /* CoreMedia.framework in Frameworks */ = {isa = PBXBuildFile; fileRef = 006D720319952D00008149E2 /* CoreMedia.framework */; };
		0091D8F90E81B9330029341E /* OpenGL.framework in Frameworks */ = {isa = PBXBuildFile; fileRef = 0091D8F80E81B9330029341E /* OpenGL.framework */; };
		00B784B30FF439BC000DE1D7 /* Accelerate.framework in Frameworks */ = {isa = PBXBuildFile; fileRef = 00B784AF0FF439BC000DE1D7 /* Accelerate.framework */; };
		00B784B40FF439BC000DE1D7 /* AudioToolbox.framework in Frameworks */ = {isa = PBXBuildFile; fileRef = 00B784B00FF439BC000DE1D7 /* AudioToolbox.framework */; };
		00B784B50FF439BC000DE1D7 /* AudioUnit.framework in Frameworks */ = {isa = PBXBuildFile; fileRef = 00B784B10FF439BC000DE1D7 /* AudioUnit.framework */; };
		00B784B60FF439BC000DE1D7 /* CoreAudio.framework in Frameworks */ = {isa = PBXBuildFile; fileRef = 00B784B20FF439BC000DE1D7 /* CoreAudio.framework */; };
		00B9955A1B128DF400A5C623 /* IOKit.framework in Frameworks */ = {isa = PBXBuildFile; fileRef = 00B995581B128DF400A5C623 /* IOKit.framework */; };
		00B9955B1B128DF400A5C623 /* IOSurface.framework in Frameworks */ = {isa = PBXBuildFile; fileRef = 00B995591B128DF400A5C623 /* IOSurface.framework */; };
		471BD5BB1D28238800003199 /* assets in Resources */ = {isa = PBXBuildFile; fileRef = 471BD5BA1D28238800003199 /* assets */; };
		4775AE781D2D2005005AEEF2 /* BlueOceanApp.cpp in Sources */ = {isa = PBXBuildFile; fileRef = 4775AE771D2D2005005AEEF2 /* BlueOceanApp.cpp */; };
		5323E6B20EAFCA74003A9687 /* CoreVideo.framework in Frameworks */ = {isa = PBXBuildFile; fileRef = 5323E6B10EAFCA74003A9687 /* CoreVideo.framework */; };
		74CEEA961F6EBCC4002111C2 /* BlueOceanApp.cpp in Sources */ = {isa = PBXBuildFile; fileRef = 74CEEA6A1F6EBCC4002111C2 /* BlueOceanApp.cpp */; };
		8D11072F0486CEB800E47090 /* Cocoa.framework in Frameworks */ = {isa = PBXBuildFile; fileRef = 1058C7A1FEA54F0111CA2CBB /* Cocoa.framework */; };
		E0932EFDB90B4DE09F51ED8B /* CinderApp.icns in Resources */ = {isa = PBXBuildFile; fileRef = 98C968B9F85744B69AFEB0E6 /* CinderApp.icns */; };
/* End PBXBuildFile section */

/* Begin PBXFileReference section */
		006D720219952D00008149E2 /* AVFoundation.framework */ = {isa = PBXFileReference; lastKnownFileType = wrapper.framework; name = AVFoundation.framework; path = System/Library/Frameworks/AVFoundation.framework; sourceTree = SDKROOT; };
		006D720319952D00008149E2 /* CoreMedia.framework */ = {isa = PBXFileReference; lastKnownFileType = wrapper.framework; name = CoreMedia.framework; path = System/Library/Frameworks/CoreMedia.framework; sourceTree = SDKROOT; };
		0091D8F80E81B9330029341E /* OpenGL.framework */ = {isa = PBXFileReference; lastKnownFileType = wrapper.framework; name = OpenGL.framework; path = /System/Library/Frameworks/OpenGL.framework; sourceTree = "<absolute>"; };
		00B784AF0FF439BC000DE1D7 /* Accelerate.framework */ = {isa = PBXFileReference; lastKnownFileType = wrapper.framework; name = Accelerate.framework; path = System/Library/Frameworks/Accelerate.framework; sourceTree = SDKROOT; };
		00B784B00FF439BC000DE1D7 /* AudioToolbox.framework */ = {isa = PBXFileReference; lastKnownFileType = wrapper.framework; name = AudioToolbox.framework; path = System/Library/Frameworks/AudioToolbox.framework; sourceTree = SDKROOT; };
		00B784B10FF439BC000DE1D7 /* AudioUnit.framework */ = {isa = PBXFileReference; lastKnownFileType = wrapper.framework; name = AudioUnit.framework; path = System/Library/Frameworks/AudioUnit.framework; sourceTree = SDKROOT; };
		00B784B20FF439BC000DE1D7 /* CoreAudio.framework */ = {isa = PBXFileReference; lastKnownFileType = wrapper.framework; name = CoreAudio.framework; path = System/Library/Frameworks/CoreAudio.framework; sourceTree = SDKROOT; };
		00B995581B128DF400A5C623 /* IOKit.framework */ = {isa = PBXFileReference; lastKnownFileType = wrapper.framework; name = IOKit.framework; path = System/Library/Frameworks/IOKit.framework; sourceTree = SDKROOT; };
		00B995591B128DF400A5C623 /* IOSurface.framework */ = {isa = PBXFileReference; lastKnownFileType = wrapper.framework; name = IOSurface.framework; path = System/Library/Frameworks/IOSurface.framework; sourceTree = SDKROOT; };
		1058C7A1FEA54F0111CA2CBB /* Cocoa.framework */ = {isa = PBXFileReference; lastKnownFileType = wrapper.framework; name = Cocoa.framework; path = /System/Library/Frameworks/Cocoa.framework; sourceTree = "<absolute>"; };
		29B97324FDCFA39411CA2CEA /* AppKit.framework */ = {isa = PBXFileReference; lastKnownFileType = wrapper.framework; name = AppKit.framework; path = /System/Library/Frameworks/AppKit.framework; sourceTree = "<absolute>"; };
		29B97325FDCFA39411CA2CEA /* Foundation.framework */ = {isa = PBXFileReference; lastKnownFileType = wrapper.framework; name = Foundation.framework; path = /System/Library/Frameworks/Foundation.framework; sourceTree = "<absolute>"; };
		301B530422E549C59D73B6BF /* BlueOcean_Prefix.pch */ = {isa = PBXFileReference; lastKnownFileType = sourcecode.c.h; path = BlueOcean_Prefix.pch; sourceTree = "<group>"; };
		41569A12CF3E4F1E85D0326D /* Resources.h */ = {isa = PBXFileReference; lastKnownFileType = sourcecode.c.h; name = Resources.h; path = ../include/Resources.h; sourceTree = "<group>"; };
		471BD5BA1D28238800003199 /* assets */ = {isa = PBXFileReference; lastKnownFileType = folder; name = assets; path = ../assets; sourceTree = "<group>"; };
		4775AE771D2D2005005AEEF2 /* BlueOceanApp.cpp */ = {isa = PBXFileReference; fileEncoding = 4; lastKnownFileType = sourcecode.cpp.cpp; name = BlueOceanApp.cpp; path = ../src/BlueOceanApp.cpp; sourceTree = "<group>"; };
		5323E6B10EAFCA74003A9687 /* CoreVideo.framework */ = {isa = PBXFileReference; lastKnownFileType = wrapper.framework; name = CoreVideo.framework; path = /System/Library/Frameworks/CoreVideo.framework; sourceTree = "<absolute>"; };
		74CEEA661F6EBCC4002111C2 /* Arguments.hpp */ = {isa = PBXFileReference; fileEncoding = 4; lastKnownFileType = sourcecode.cpp.h; name = Arguments.hpp; path = ../src/Arguments.hpp; sourceTree = "<group>"; };
		74CEEA671F6EBCC4002111C2 /* Asset.hpp */ = {isa = PBXFileReference; fileEncoding = 4; lastKnownFileType = sourcecode.cpp.h; name = Asset.hpp; path = ../src/Asset.hpp; sourceTree = "<group>"; };
		74CEEA681F6EBCC4002111C2 /* Audio.hpp */ = {isa = PBXFileReference; fileEncoding = 4; lastKnownFileType = sourcecode.cpp.h; name = Audio.hpp; path = ../src/Audio.hpp; sourceTree = "<group>"; };
		74CEEA691F6EBCC4002111C2 /* AudioEvent.hpp */ = {isa = PBXFileReference; fileEncoding = 4; lastKnownFileType = sourcecode.cpp.h; name = AudioEvent.hpp; path = ../src/AudioEvent.hpp; sourceTree = "<group>"; };
		74CEEA6A1F6EBCC4002111C2 /* BlueOceanApp.cpp */ = {isa = PBXFileReference; fileEncoding = 4; lastKnownFileType = sourcecode.cpp.cpp; name = BlueOceanApp.cpp; path = ../src/BlueOceanApp.cpp; sourceTree = "<group>"; };
		74CEEA6C1F6EBCC4002111C2 /* DayLighting.hpp */ = {isa = PBXFileReference; fileEncoding = 4; lastKnownFileType = sourcecode.cpp.h; name = DayLighting.hpp; path = ../src/DayLighting.hpp; sourceTree = "<group>"; };
		74CEEA6D1F6EBCC4002111C2 /* Defines.hpp */ = {isa = PBXFileReference; fileEncoding = 4; lastKnownFileType = sourcecode.cpp.h; name = Defines.hpp; path = ../src/Defines.hpp; sourceTree = "<group>"; };
		74CEEA6E1F6EBCC4002111C2 /* DiscreteRandom.hpp */ = {isa = PBXFileReference; fileEncoding = 4; lastKnownFileType = sourcecode.cpp.h; name = DiscreteRandom.hpp; path = ../src/DiscreteRandom.hpp; sourceTree = "<group>"; };
		74CEEA6F1F6EBCC4002111C2 /* Draw.hpp */ = {isa = PBXFileReference; fileEncoding = 4; lastKnownFileType = sourcecode.cpp.h; name = Draw.hpp; path = ../src/Draw.hpp; sourceTree = "<group>"; };
		74CEEA711F6EBCC4002111C2 /* Game.hpp */ = {isa = PBXFileReference; fileEncoding = 4; lastKnownFileType = sourcecode.cpp.h; name = Game.hpp; path = ../src/Game.hpp; sourceTree = "<group>"; };
		74CEEA721F6EBCC4002111C2 /* Holder.hpp */ = {isa = PBXFileReference; fileEncoding = 4; lastKnownFileType = sourcecode.cpp.h; name = Holder.hpp; path = ../src/Holder.hpp; sourceTree = "<group>"; };
		74CEEA731F6EBCC4002111C2 /* Item.hpp */ = {isa = PBXFileReference; fileEncoding = 4; lastKnownFileType = sourcecode.cpp.h; name = Item.hpp; path = ../src/Item.hpp; sourceTree = "<group>"; };
		74CEEA741F6EBCC4002111C2 /* ItemReporter.hpp */ = {isa = PBXFileReference; fileEncoding = 4; lastKnownFileType = sourcecode.cpp.h; name = ItemReporter.hpp; path = ../src/ItemReporter.hpp; sourceTree = "<group>"; };
		74CEEA751F6EBCC4002111C2 /* JsonUtil.hpp */ = {isa = PBXFileReference; fileEncoding = 4; lastKnownFileType = sourcecode.cpp.h; name = JsonUtil.hpp; path = ../src/JsonUtil.hpp; sourceTree = "<group>"; };
		74CEEA761F6EBCC4002111C2 /* Light.hpp */ = {isa = PBXFileReference; fileEncoding = 4; lastKnownFileType = sourcecode.cpp.h; name = Light.hpp; path = ../src/Light.hpp; sourceTree = "<group>"; };
		74CEEA771F6EBCC4002111C2 /* Misc.hpp */ = {isa = PBXFileReference; fileEncoding = 4; lastKnownFileType = sourcecode.cpp.h; name = Misc.hpp; path = ../src/Misc.hpp; sourceTree = "<group>"; };
		74CEEA781F6EBCC4002111C2 /* Params.hpp */ = {isa = PBXFileReference; fileEncoding = 4; lastKnownFileType = sourcecode.cpp.h; name = Params.hpp; path = ../src/Params.hpp; sourceTree = "<group>"; };
		74CEEA791F6EBCC4002111C2 /* Path.hpp */ = {isa = PBXFileReference; fileEncoding = 4; lastKnownFileType = sourcecode.cpp.h; name = Path.hpp; path = ../src/Path.hpp; sourceTree = "<group>"; };
		74CEEA7A1F6EBCC4002111C2 /* PieChart.hpp */ = {isa = PBXFileReference; fileEncoding = 4; lastKnownFileType = sourcecode.cpp.h; name = PieChart.hpp; path = ../src/PieChart.hpp; sourceTree = "<group>"; };
		74CEEA7B1F6EBCC4002111C2 /* PLY.hpp */ = {isa = PBXFileReference; fileEncoding = 4; lastKnownFileType = sourcecode.cpp.h; name = PLY.hpp; path = ../src/PLY.hpp; sourceTree = "<group>"; };
		74CEEA7C1F6EBCC4002111C2 /* Relic.hpp */ = {isa = PBXFileReference; fileEncoding = 4; lastKnownFileType = sourcecode.cpp.h; name = Relic.hpp; path = ../src/Relic.hpp; sourceTree = "<group>"; };
		74CEEA7D1F6EBCC4002111C2 /* RelicDraw.hpp */ = {isa = PBXFileReference; fileEncoding = 4; lastKnownFileType = sourcecode.cpp.h; name = RelicDraw.hpp; path = ../src/RelicDraw.hpp; sourceTree = "<group>"; };
		74CEEA7E1F6EBCC4002111C2 /* RelicFactory.hpp */ = {isa = PBXFileReference; fileEncoding = 4; lastKnownFileType = sourcecode.cpp.h; name = RelicFactory.hpp; path = ../src/RelicFactory.hpp; sourceTree = "<group>"; };
		74CEEA7F1F6EBCC4002111C2 /* Route.hpp */ = {isa = PBXFileReference; fileEncoding = 4; lastKnownFileType = sourcecode.cpp.h; name = Route.hpp; path = ../src/Route.hpp; sourceTree = "<group>"; };
		74CEEA801F6EBCC4002111C2 /* RouteDraw.hpp */ = {isa = PBXFileReference; fileEncoding = 4; lastKnownFileType = sourcecode.cpp.h; name = RouteDraw.hpp; path = ../src/RouteDraw.hpp; sourceTree = "<group>"; };
		74CEEA811F6EBCC4002111C2 /* SceneBase.hpp */ = {isa = PBXFileReference; fileEncoding = 4; lastKnownFileType = sourcecode.cpp.h; name = SceneBase.hpp; path = ../src/SceneBase.hpp; sourceTree = "<group>"; };
		74CEEA821F6EBCC4002111C2 /* SceneGame.hpp */ = {isa = PBXFileReference; fileEncoding = 4; lastKnownFileType = sourcecode.cpp.h; name = SceneGame.hpp; path = ../src/SceneGame.hpp; sourceTree = "<group>"; };
		74CEEA831F6EBCC4002111C2 /* SceneItemReporter.hpp */ = {isa = PBXFileReference; fileEncoding = 4; lastKnownFileType = sourcecode.cpp.h; name = SceneItemReporter.hpp; path = ../src/SceneItemReporter.hpp; sourceTree = "<group>"; };
		74CEEA841F6EBCC4002111C2 /* Sea.hpp */ = {isa = PBXFileReference; fileEncoding = 4; lastKnownFileType = sourcecode.cpp.h; name = Sea.hpp; path = ../src/Sea.hpp; sourceTree = "<group>"; };
		74CEEA851F6EBCC4002111C2 /* Search.hpp */ = {isa = PBXFileReference; fileEncoding = 4; lastKnownFileType = sourcecode.cpp.h; name = Search.hpp; path = ../src/Search.hpp; sourceTree = "<group>"; };
		74CEEA861F6EBCC4002111C2 /* shader.hpp */ = {isa = PBXFileReference; fileEncoding = 4; lastKnownFileType = sourcecode.cpp.h; name = shader.hpp; path = ../src/shader.hpp; sourceTree = "<group>"; };
		74CEEA871F6EBCC4002111C2 /* Ship.hpp */ = {isa = PBXFileReference; fileEncoding = 4; lastKnownFileType = sourcecode.cpp.h; name = Ship.hpp; path = ../src/Ship.hpp; sourceTree = "<group>"; };
		74CEEA881F6EBCC4002111C2 /* ShipCamera.hpp */ = {isa = PBXFileReference; fileEncoding = 4; lastKnownFileType = sourcecode.cpp.h; name = ShipCamera.hpp; path = ../src/ShipCamera.hpp; sourceTree = "<group>"; };
		74CEEA891F6EBCC4002111C2 /* Stage.hpp */ = {isa = PBXFileReference; fileEncoding = 4; lastKnownFileType = sourcecode.cpp.h; name = Stage.hpp; path = ../src/Stage.hpp; sourceTree = "<group>"; };
		74CEEA8A1F6EBCC4002111C2 /* StageDraw.hpp */ = {isa = PBXFileReference; fileEncoding = 4; lastKnownFileType = sourcecode.cpp.h; name = StageDraw.hpp; path = ../src/StageDraw.hpp; sourceTree = "<group>"; };
		74CEEA8B1F6EBCC4002111C2 /* StageObj.hpp */ = {isa = PBXFileReference; fileEncoding = 4; lastKnownFileType = sourcecode.cpp.h; name = StageObj.hpp; path = ../src/StageObj.hpp; sourceTree = "<group>"; };
		74CEEA8C1F6EBCC4002111C2 /* StageObjDraw.hpp */ = {isa = PBXFileReference; fileEncoding = 4; lastKnownFileType = sourcecode.cpp.h; name = StageObjDraw.hpp; path = ../src/StageObjDraw.hpp; sourceTree = "<group>"; };
		74CEEA8D1F6EBCC4002111C2 /* StageObjFactory.hpp */ = {isa = PBXFileReference; fileEncoding = 4; lastKnownFileType = sourcecode.cpp.h; name = StageObjFactory.hpp; path = ../src/StageObjFactory.hpp; sourceTree = "<group>"; };
		74CEEA8E1F6EBCC4002111C2 /* StageObjMesh.hpp */ = {isa = PBXFileReference; fileEncoding = 4; lastKnownFileType = sourcecode.cpp.h; name = StageObjMesh.hpp; path = ../src/StageObjMesh.hpp; sourceTree = "<group>"; };
		74CEEA8F1F6EBCC4002111C2 /* Target.hpp */ = {isa = PBXFileReference; fileEncoding = 4; lastKnownFileType = sourcecode.cpp.h; name = Target.hpp; path = ../src/Target.hpp; sourceTree = "<group>"; };
		74CEEA901F6EBCC4002111C2 /* TiledStage.hpp */ = {isa = PBXFileReference; fileEncoding = 4; lastKnownFileType = sourcecode.cpp.h; name = TiledStage.hpp; path = ../src/TiledStage.hpp; sourceTree = "<group>"; };
		74CEEA911F6EBCC4002111C2 /* Time.hpp */ = {isa = PBXFileReference; fileEncoding = 4; lastKnownFileType = sourcecode.cpp.h; name = Time.hpp; path = ../src/Time.hpp; sourceTree = "<group>"; };
		74CEEA921F6EBCC4002111C2 /* Touch.hpp */ = {isa = PBXFileReference; fileEncoding = 4; lastKnownFileType = sourcecode.cpp.h; name = Touch.hpp; path = ../src/Touch.hpp; sourceTree = "<group>"; };
		74CEEA931F6EBCC4002111C2 /* UI.hpp */ = {isa = PBXFileReference; fileEncoding = 4; lastKnownFileType = sourcecode.cpp.h; name = UI.hpp; path = ../src/UI.hpp; sourceTree = "<group>"; };
		74CEEA941F6EBCC4002111C2 /* Waypoint.hpp */ = {isa = PBXFileReference; fileEncoding = 4; lastKnownFileType = sourcecode.cpp.h; name = Waypoint.hpp; path = ../src/Waypoint.hpp; sourceTree = "<group>"; };
		74CEEA951F6EBCC4002111C2 /* Worker.hpp */ = {isa = PBXFileReference; fileEncoding = 4; lastKnownFileType = sourcecode.cpp.h; name = Worker.hpp; path = ../src/Worker.hpp; sourceTree = "<group>"; };
		8D1107320486CEB800E47090 /* BlueOcean.app */ = {isa = PBXFileReference; explicitFileType = wrapper.application; includeInIndex = 0; path = BlueOcean.app; sourceTree = BUILT_PRODUCTS_DIR; };
		98C968B9F85744B69AFEB0E6 /* CinderApp.icns */ = {isa = PBXFileReference; lastKnownFileType = image.icns; name = CinderApp.icns; path = ../resources/CinderApp.icns; sourceTree = "<group>"; };
		F3934B5B4DFC4C1F878AB1F7 /* Info.plist */ = {isa = PBXFileReference; lastKnownFileType = text.plist.xml; path = Info.plist; sourceTree = "<group>"; };
/* End PBXFileReference section */

/* Begin PBXFrameworksBuildPhase section */
		8D11072E0486CEB800E47090 /* Frameworks */ = {
			isa = PBXFrameworksBuildPhase;
			buildActionMask = 2147483647;
			files = (
				006D720419952D00008149E2 /* AVFoundation.framework in Frameworks */,
				006D720519952D00008149E2 /* CoreMedia.framework in Frameworks */,
				8D11072F0486CEB800E47090 /* Cocoa.framework in Frameworks */,
				0091D8F90E81B9330029341E /* OpenGL.framework in Frameworks */,
				5323E6B20EAFCA74003A9687 /* CoreVideo.framework in Frameworks */,
				00B784B30FF439BC000DE1D7 /* Accelerate.framework in Frameworks */,
				00B784B40FF439BC000DE1D7 /* AudioToolbox.framework in Frameworks */,
				00B784B50FF439BC000DE1D7 /* AudioUnit.framework in Frameworks */,
				00B784B60FF439BC000DE1D7 /* CoreAudio.framework in Frameworks */,
				00B9955A1B128DF400A5C623 /* IOKit.framework in Frameworks */,
				00B9955B1B128DF400A5C623 /* IOSurface.framework in Frameworks */,
			);
			runOnlyForDeploymentPostprocessing = 0;
		};
/* End PBXFrameworksBuildPhase section */

/* Begin PBXGroup section */
		080E96DDFE201D6D7F000001 /* Source */ = {
			isa = PBXGroup;
			children = (
				4775AE771D2D2005005AEEF2 /* BlueOceanApp.cpp */,
				74CEEA661F6EBCC4002111C2 /* Arguments.hpp */,
				74CEEA671F6EBCC4002111C2 /* Asset.hpp */,
				74CEEA681F6EBCC4002111C2 /* Audio.hpp */,
				74CEEA691F6EBCC4002111C2 /* AudioEvent.hpp */,
				74CEEA6A1F6EBCC4002111C2 /* BlueOceanApp.cpp */,
				74CEEA6C1F6EBCC4002111C2 /* DayLighting.hpp */,
				74CEEA6D1F6EBCC4002111C2 /* Defines.hpp */,
				74CEEA6E1F6EBCC4002111C2 /* DiscreteRandom.hpp */,
				74CEEA6F1F6EBCC4002111C2 /* Draw.hpp */,
				74CEEA711F6EBCC4002111C2 /* Game.hpp */,
				74CEEA721F6EBCC4002111C2 /* Holder.hpp */,
				74CEEA731F6EBCC4002111C2 /* Item.hpp */,
				74CEEA741F6EBCC4002111C2 /* ItemReporter.hpp */,
				74CEEA751F6EBCC4002111C2 /* JsonUtil.hpp */,
				74CEEA761F6EBCC4002111C2 /* Light.hpp */,
				74CEEA771F6EBCC4002111C2 /* Misc.hpp */,
				74CEEA781F6EBCC4002111C2 /* Params.hpp */,
				74CEEA791F6EBCC4002111C2 /* Path.hpp */,
				74CEEA7A1F6EBCC4002111C2 /* PieChart.hpp */,
				74CEEA7B1F6EBCC4002111C2 /* PLY.hpp */,
				74CEEA7C1F6EBCC4002111C2 /* Relic.hpp */,
				74CEEA7D1F6EBCC4002111C2 /* RelicDraw.hpp */,
				74CEEA7E1F6EBCC4002111C2 /* RelicFactory.hpp */,
				74CEEA7F1F6EBCC4002111C2 /* Route.hpp */,
				74CEEA801F6EBCC4002111C2 /* RouteDraw.hpp */,
				74CEEA811F6EBCC4002111C2 /* SceneBase.hpp */,
				74CEEA821F6EBCC4002111C2 /* SceneGame.hpp */,
				74CEEA831F6EBCC4002111C2 /* SceneItemReporter.hpp */,
				74CEEA841F6EBCC4002111C2 /* Sea.hpp */,
				74CEEA851F6EBCC4002111C2 /* Search.hpp */,
				74CEEA861F6EBCC4002111C2 /* shader.hpp */,
				74CEEA871F6EBCC4002111C2 /* Ship.hpp */,
				74CEEA881F6EBCC4002111C2 /* ShipCamera.hpp */,
				74CEEA891F6EBCC4002111C2 /* Stage.hpp */,
				74CEEA8A1F6EBCC4002111C2 /* StageDraw.hpp */,
				74CEEA8B1F6EBCC4002111C2 /* StageObj.hpp */,
				74CEEA8C1F6EBCC4002111C2 /* StageObjDraw.hpp */,
				74CEEA8D1F6EBCC4002111C2 /* StageObjFactory.hpp */,
				74CEEA8E1F6EBCC4002111C2 /* StageObjMesh.hpp */,
				74CEEA8F1F6EBCC4002111C2 /* Target.hpp */,
				74CEEA901F6EBCC4002111C2 /* TiledStage.hpp */,
				74CEEA911F6EBCC4002111C2 /* Time.hpp */,
				74CEEA921F6EBCC4002111C2 /* Touch.hpp */,
				74CEEA931F6EBCC4002111C2 /* UI.hpp */,
				74CEEA941F6EBCC4002111C2 /* Waypoint.hpp */,
				74CEEA951F6EBCC4002111C2 /* Worker.hpp */,
			);
			name = Source;
			sourceTree = "<group>";
		};
		1058C7A0FEA54F0111CA2CBB /* Linked Frameworks */ = {
			isa = PBXGroup;
			children = (
				006D720219952D00008149E2 /* AVFoundation.framework */,
				006D720319952D00008149E2 /* CoreMedia.framework */,
				00B784AF0FF439BC000DE1D7 /* Accelerate.framework */,
				00B784B00FF439BC000DE1D7 /* AudioToolbox.framework */,
				00B784B10FF439BC000DE1D7 /* AudioUnit.framework */,
				00B784B20FF439BC000DE1D7 /* CoreAudio.framework */,
				5323E6B10EAFCA74003A9687 /* CoreVideo.framework */,
				0091D8F80E81B9330029341E /* OpenGL.framework */,
				1058C7A1FEA54F0111CA2CBB /* Cocoa.framework */,
				00B995581B128DF400A5C623 /* IOKit.framework */,
				00B995591B128DF400A5C623 /* IOSurface.framework */,
			);
			name = "Linked Frameworks";
			sourceTree = "<group>";
		};
		1058C7A2FEA54F0111CA2CBB /* Other Frameworks */ = {
			isa = PBXGroup;
			children = (
				29B97324FDCFA39411CA2CEA /* AppKit.framework */,
				29B97325FDCFA39411CA2CEA /* Foundation.framework */,
			);
			name = "Other Frameworks";
			sourceTree = "<group>";
		};
		19C28FACFE9D520D11CA2CBB /* Products */ = {
			isa = PBXGroup;
			children = (
				8D1107320486CEB800E47090 /* BlueOcean.app */,
			);
			name = Products;
			sourceTree = "<group>";
		};
		29B97314FDCFA39411CA2CEA /* DeepOcean */ = {
			isa = PBXGroup;
			children = (
				29B97315FDCFA39411CA2CEA /* Headers */,
				080E96DDFE201D6D7F000001 /* Source */,
				29B97317FDCFA39411CA2CEA /* Resources */,
				29B97323FDCFA39411CA2CEA /* Frameworks */,
				19C28FACFE9D520D11CA2CBB /* Products */,
			);
			name = DeepOcean;
			sourceTree = "<group>";
		};
		29B97315FDCFA39411CA2CEA /* Headers */ = {
			isa = PBXGroup;
			children = (
				41569A12CF3E4F1E85D0326D /* Resources.h */,
				301B530422E549C59D73B6BF /* BlueOcean_Prefix.pch */,
			);
			name = Headers;
			sourceTree = "<group>";
		};
		29B97317FDCFA39411CA2CEA /* Resources */ = {
			isa = PBXGroup;
			children = (
				471BD5BA1D28238800003199 /* assets */,
				98C968B9F85744B69AFEB0E6 /* CinderApp.icns */,
				F3934B5B4DFC4C1F878AB1F7 /* Info.plist */,
			);
			name = Resources;
			sourceTree = "<group>";
		};
		29B97323FDCFA39411CA2CEA /* Frameworks */ = {
			isa = PBXGroup;
			children = (
				1058C7A0FEA54F0111CA2CBB /* Linked Frameworks */,
				1058C7A2FEA54F0111CA2CBB /* Other Frameworks */,
			);
			name = Frameworks;
			sourceTree = "<group>";
		};
/* End PBXGroup section */

/* Begin PBXNativeTarget section */
		8D1107260486CEB800E47090 /* BlueOcean */ = {
			isa = PBXNativeTarget;
			buildConfigurationList = C01FCF4A08A954540054247B /* Build configuration list for PBXNativeTarget "BlueOcean" */;
			buildPhases = (
				8D1107290486CEB800E47090 /* Resources */,
				8D11072C0486CEB800E47090 /* Sources */,
				8D11072E0486CEB800E47090 /* Frameworks */,
			);
			buildRules = (
			);
			dependencies = (
			);
			name = BlueOcean;
			productInstallPath = "$(HOME)/Applications";
			productName = DeepOcean;
			productReference = 8D1107320486CEB800E47090 /* BlueOcean.app */;
			productType = "com.apple.product-type.application";
		};
/* End PBXNativeTarget section */

/* Begin PBXProject section */
		29B97313FDCFA39411CA2CEA /* Project object */ = {
			isa = PBXProject;
			attributes = {
			};
			buildConfigurationList = C01FCF4E08A954540054247B /* Build configuration list for PBXProject "BlueOcean" */;
			compatibilityVersion = "Xcode 3.2";
			developmentRegion = English;
			hasScannedForEncodings = 1;
			knownRegions = (
				English,
				Japanese,
				French,
				German,
			);
			mainGroup = 29B97314FDCFA39411CA2CEA /* DeepOcean */;
			projectDirPath = "";
			projectRoot = "";
			targets = (
				8D1107260486CEB800E47090 /* BlueOcean */,
			);
		};
/* End PBXProject section */

/* Begin PBXResourcesBuildPhase section */
		8D1107290486CEB800E47090 /* Resources */ = {
			isa = PBXResourcesBuildPhase;
			buildActionMask = 2147483647;
			files = (
				E0932EFDB90B4DE09F51ED8B /* CinderApp.icns in Resources */,
				471BD5BB1D28238800003199 /* assets in Resources */,
			);
			runOnlyForDeploymentPostprocessing = 0;
		};
/* End PBXResourcesBuildPhase section */

/* Begin PBXSourcesBuildPhase section */
		8D11072C0486CEB800E47090 /* Sources */ = {
			isa = PBXSourcesBuildPhase;
			buildActionMask = 2147483647;
			files = (
				74CEEA961F6EBCC4002111C2 /* BlueOceanApp.cpp in Sources */,
				4775AE781D2D2005005AEEF2 /* BlueOceanApp.cpp in Sources */,
			);
			runOnlyForDeploymentPostprocessing = 0;
		};
/* End PBXSourcesBuildPhase section */

/* Begin XCBuildConfiguration section */
		C01FCF4B08A954540054247B /* Debug */ = {
			isa = XCBuildConfiguration;
			buildSettings = {
				CINDER_PATH = ../../Cinder;
				GCC_PRECOMPILE_PREFIX_HEADER = YES;
				GCC_PREFIX_HEADER = BlueOcean_Prefix.pch;
				GCC_PREPROCESSOR_DEFINITIONS = (
					"DEBUG=1",
					"$(inherited)",
				);
				GCC_SYMBOLS_PRIVATE_EXTERN = NO;
				INFOPLIST_FILE = Info.plist;
				INSTALL_PATH = "$(HOME)/Applications";
				ONLY_ACTIVE_ARCH = YES;
				OTHER_LDFLAGS = (
					"\"$(CINDER_PATH)/lib/libcinder_d.a\"",
					"-lz",
				);
				PRODUCT_BUNDLE_IDENTIFIER = "org.libcinder.${PRODUCT_NAME:rfc1034identifier}";
				PRODUCT_NAME = BlueOcean;
				WRAPPER_EXTENSION = app;
			};
			name = Debug;
		};
		C01FCF4C08A954540054247B /* Release */ = {
			isa = XCBuildConfiguration;
			buildSettings = {
				CINDER_PATH = ../../Cinder;
				GCC_PRECOMPILE_PREFIX_HEADER = YES;
				GCC_PREFIX_HEADER = BlueOcean_Prefix.pch;
				GCC_PREPROCESSOR_DEFINITIONS = (
					"NDEBUG=1",
					"$(inherited)",
				);
				GCC_SYMBOLS_PRIVATE_EXTERN = NO;
				INFOPLIST_FILE = Info.plist;
				INSTALL_PATH = "$(HOME)/Applications";
				ONLY_ACTIVE_ARCH = YES;
				OTHER_LDFLAGS = (
					"\"$(CINDER_PATH)/lib/libcinder.a\"",
					"-lz",
				);
				PRODUCT_BUNDLE_IDENTIFIER = "org.libcinder.${PRODUCT_NAME:rfc1034identifier}";
				PRODUCT_NAME = BlueOcean;
				WRAPPER_EXTENSION = app;
			};
			name = Release;
		};
		C01FCF4F08A954540054247B /* Debug */ = {
			isa = XCBuildConfiguration;
			buildSettings = {
				ALWAYS_SEARCH_USER_PATHS = NO;
				CINDER_PATH = ../../cinder_0.9.0_mac;
				CLANG_CXX_LANGUAGE_STANDARD = "c++11";
				CLANG_CXX_LIBRARY = "libc++";
				DEAD_CODE_STRIPPING = YES;
				GCC_FAST_MATH = YES;
				GCC_OPTIMIZATION_LEVEL = 0;
				GCC_PREPROCESSOR_DEFINITIONS = (
					"SRCROOT=\"$(SRCROOT)/\"",
					"PRODUCT_NAME=\"$(PRODUCT_NAME)\"",
				);
				GCC_WARN_ABOUT_RETURN_TYPE = YES;
				GCC_WARN_UNUSED_VARIABLE = YES;
				HEADER_SEARCH_PATHS = "\"$(CINDER_PATH)/include\"";
				MACOSX_DEPLOYMENT_TARGET = 10.9;
				SDKROOT = macosx;
				USER_HEADER_SEARCH_PATHS = ../include;
			};
			name = Debug;
		};
		C01FCF5008A954540054247B /* Release */ = {
			isa = XCBuildConfiguration;
			buildSettings = {
				ALWAYS_SEARCH_USER_PATHS = NO;
				CINDER_PATH = ../../cinder_0.9.0_mac;
				CLANG_CXX_LANGUAGE_STANDARD = "c++11";
				CLANG_CXX_LIBRARY = "libc++";
				DEAD_CODE_STRIPPING = YES;
				GCC_FAST_MATH = YES;
				GCC_PREPROCESSOR_DEFINITIONS = (
					"SRCROOT=\"$(SRCROOT)/\"",
					"PRODUCT_NAME=\"$(PRODUCT_NAME)\"",
				);
				GCC_WARN_ABOUT_RETURN_TYPE = YES;
				GCC_WARN_UNUSED_VARIABLE = YES;
				HEADER_SEARCH_PATHS = "\"$(CINDER_PATH)/include\"";
				MACOSX_DEPLOYMENT_TARGET = 10.9;
				SDKROOT = macosx;
				USER_HEADER_SEARCH_PATHS = ../include;
			};
			name = Release;
		};
/* End XCBuildConfiguration section */

/* Begin XCConfigurationList section */
		C01FCF4A08A954540054247B /* Build configuration list for PBXNativeTarget "BlueOcean" */ = {
			isa = XCConfigurationList;
			buildConfigurations = (
				C01FCF4B08A954540054247B /* Debug */,
				C01FCF4C08A954540054247B /* Release */,
			);
			defaultConfigurationIsVisible = 0;
			defaultConfigurationName = Release;
		};
		C01FCF4E08A954540054247B /* Build configuration list for PBXProject "BlueOcean" */ = {
			isa = XCConfigurationList;
			buildConfigurations = (
				C01FCF4F08A954540054247B /* Debug */,
				C01FCF5008A954540054247B /* Release */,
			);
			defaultConfigurationIsVisible = 0;
			defaultConfigurationName = Release;
		};
/* End XCConfigurationList section */
	};
	rootObject = 29B97313FDCFA39411CA2CEA /* Project object */;
}
